
Microsoft Visual Studio Solution File, Format Version 12.00
# Visual Studio Version 16
VisualStudioVersion = 16.0.30621.155
MinimumVisualStudioVersion = 10.0.40219.1
Project("{FAE04EC0-301F-11D3-BF4B-00C04F79EFBC}") = "APlicationCheckBox", "APlicationCheckBox\APlicationCheckBox.csproj", "{234F5755-3F22-4CE6-A2F0-7B5A58FAF5A4}"
EndProject
Global
	GlobalSection(SolutionConfigurationPlatforms) = preSolution
		Debug|Any CPU = Debug|Any CPU
		Release|Any CPU = Release|Any CPU
	EndGlobalSection
	GlobalSection(ProjectConfigurationPlatforms) = postSolution
		{234F5755-3F22-4CE6-A2F0-7B5A58FAF5A4}.Debug|Any CPU.ActiveCfg = Debug|Any CPU
		{234F5755-3F22-4CE6-A2F0-7B5A58FAF5A4}.Debug|Any CPU.Build.0 = Debug|Any CPU
		{234F5755-3F22-4CE6-A2F0-7B5A58FAF5A4}.Release|Any CPU.ActiveCfg = Release|Any CPU
		{234F5755-3F22-4CE6-A2F0-7B5A58FAF5A4}.Release|Any CPU.Build.0 = Release|Any CPU
	EndGlobalSection
	GlobalSection(SolutionProperties) = preSolution
		HideSolutionNode = FALSE
	EndGlobalSection
	GlobalSection(ExtensibilityGlobals) = postSolution
		SolutionGuid = {5DD96A24-A1C5-40A2-A1B5-D9EA324B1C9D}
	EndGlobalSection
EndGlobal
